// !$*UTF8*$!
{
	archiveVersion = 1;
	classes = {
	};
	objectVersion = 46;
	objects = {

/* Begin PBXBuildFile section */
		7E31710A194B06CF0008E0B1 /* AppDelegate.swift in Sources */ = {isa = PBXBuildFile; fileRef = 7E317109194B06CF0008E0B1 /* AppDelegate.swift */; };
		7E31710D194B06CF0008E0B1 /* quickReceipt.xcdatamodeld in Sources */ = {isa = PBXBuildFile; fileRef = 7E31710B194B06CF0008E0B1 /* quickReceipt.xcdatamodeld */; };
		7E31710F194B06CF0008E0B1 /* ViewController.swift in Sources */ = {isa = PBXBuildFile; fileRef = 7E31710E194B06CF0008E0B1 /* ViewController.swift */; };
		7E317114194B06CF0008E0B1 /* Images.xcassets in Resources */ = {isa = PBXBuildFile; fileRef = 7E317113194B06CF0008E0B1 /* Images.xcassets */; };
		7E317120194B06CF0008E0B1 /* quickReceiptTests.swift in Sources */ = {isa = PBXBuildFile; fileRef = 7E31711F194B06CF0008E0B1 /* quickReceiptTests.swift */; };
		7E31712A194B090B0008E0B1 /* CoreGraphics.framework in Frameworks */ = {isa = PBXBuildFile; fileRef = 7E317129194B090B0008E0B1 /* CoreGraphics.framework */; };
		7E31712C194B09170008E0B1 /* Foundation.framework in Frameworks */ = {isa = PBXBuildFile; fileRef = 7E31712B194B09170008E0B1 /* Foundation.framework */; };
		7E31712E194B09220008E0B1 /* UIKit.framework in Frameworks */ = {isa = PBXBuildFile; fileRef = 7E31712D194B09220008E0B1 /* UIKit.framework */; };
		7E317132194B1CCC0008E0B1 /* CFNetwork.framework in Frameworks */ = {isa = PBXBuildFile; fileRef = 7E317131194B1CCC0008E0B1 /* CFNetwork.framework */; };
		7E3174C7194BCF370008E0B1 /* Security.framework in Frameworks */ = {isa = PBXBuildFile; fileRef = 7E3174C6194BCF370008E0B1 /* Security.framework */; };
		7E3174C9194BCF410008E0B1 /* SystemConfiguration.framework in Frameworks */ = {isa = PBXBuildFile; fileRef = 7E3174C8194BCF410008E0B1 /* SystemConfiguration.framework */; };
		7E3174CB194BCF470008E0B1 /* QuartzCore.framework in Frameworks */ = {isa = PBXBuildFile; fileRef = 7E3174CA194BCF470008E0B1 /* QuartzCore.framework */; };
		7E3174CD194BCF520008E0B1 /* libc++.dylib in Frameworks */ = {isa = PBXBuildFile; fileRef = 7E3174CC194BCF520008E0B1 /* libc++.dylib */; };
		7E3174CF194BCF580008E0B1 /* libz.dylib in Frameworks */ = {isa = PBXBuildFile; fileRef = 7E3174CE194BCF580008E0B1 /* libz.dylib */; };
		7ECD3904195876FA00ABCD74 /* AVFoundation.framework in Frameworks */ = {isa = PBXBuildFile; fileRef = 7ECD3903195876FA00ABCD74 /* AVFoundation.framework */; };
		7EDACF231958500100BE7BDF /* DropboxSDK.framework in Frameworks */ = {isa = PBXBuildFile; fileRef = 7EDACF221958500100BE7BDF /* DropboxSDK.framework */; };
		7EFE5B8F195AE869003B801F /* CoreImage.framework in Frameworks */ = {isa = PBXBuildFile; fileRef = 7EFE5B8E195AE869003B801F /* CoreImage.framework */; };
		7EFE5B91195AE877003B801F /* AssetsLibrary.framework in Frameworks */ = {isa = PBXBuildFile; fileRef = 7EFE5B90195AE877003B801F /* AssetsLibrary.framework */; };
		7EFE5B93195AE882003B801F /* CoreMedia.framework in Frameworks */ = {isa = PBXBuildFile; fileRef = 7EFE5B92195AE882003B801F /* CoreMedia.framework */; };
		7EFE5B95195AE88B003B801F /* ImageIO.framework in Frameworks */ = {isa = PBXBuildFile; fileRef = 7EFE5B94195AE88B003B801F /* ImageIO.framework */; };
		7EFE5B97195AE895003B801F /* CoreVideo.framework in Frameworks */ = {isa = PBXBuildFile; fileRef = 7EFE5B96195AE895003B801F /* CoreVideo.framework */; };
		7EFE5B9A195AEE70003B801F /* MainStoryboard.storyboard in Resources */ = {isa = PBXBuildFile; fileRef = 7EFE5B99195AEE70003B801F /* MainStoryboard.storyboard */; };
/* End PBXBuildFile section */

/* Begin PBXContainerItemProxy section */
		7E31711A194B06CF0008E0B1 /* PBXContainerItemProxy */ = {
			isa = PBXContainerItemProxy;
			containerPortal = 7E3170FC194B06CF0008E0B1 /* Project object */;
			proxyType = 1;
			remoteGlobalIDString = 7E317103194B06CF0008E0B1;
			remoteInfo = quickReceipt;
		};
/* End PBXContainerItemProxy section */

/* Begin PBXFileReference section */
		7E317104194B06CF0008E0B1 /* quickReceipt.app */ = {isa = PBXFileReference; explicitFileType = wrapper.application; includeInIndex = 0; path = quickReceipt.app; sourceTree = BUILT_PRODUCTS_DIR; };
		7E317108194B06CF0008E0B1 /* Info.plist */ = {isa = PBXFileReference; lastKnownFileType = text.plist.xml; path = Info.plist; sourceTree = "<group>"; };
		7E317109194B06CF0008E0B1 /* AppDelegate.swift */ = {isa = PBXFileReference; lastKnownFileType = sourcecode.swift; path = AppDelegate.swift; sourceTree = "<group>"; };
		7E31710C194B06CF0008E0B1 /* quickReceipt.xcdatamodel */ = {isa = PBXFileReference; lastKnownFileType = wrapper.xcdatamodel; path = quickReceipt.xcdatamodel; sourceTree = "<group>"; };
		7E31710E194B06CF0008E0B1 /* ViewController.swift */ = {isa = PBXFileReference; lastKnownFileType = sourcecode.swift; path = ViewController.swift; sourceTree = "<group>"; };
		7E317113194B06CF0008E0B1 /* Images.xcassets */ = {isa = PBXFileReference; lastKnownFileType = folder.assetcatalog; path = Images.xcassets; sourceTree = "<group>"; };
		7E317119194B06CF0008E0B1 /* quickReceiptTests.xctest */ = {isa = PBXFileReference; explicitFileType = wrapper.cfbundle; includeInIndex = 0; path = quickReceiptTests.xctest; sourceTree = BUILT_PRODUCTS_DIR; };
		7E31711E194B06CF0008E0B1 /* Info.plist */ = {isa = PBXFileReference; lastKnownFileType = text.plist.xml; path = Info.plist; sourceTree = "<group>"; };
		7E31711F194B06CF0008E0B1 /* quickReceiptTests.swift */ = {isa = PBXFileReference; lastKnownFileType = sourcecode.swift; path = quickReceiptTests.swift; sourceTree = "<group>"; };
		7E317129194B090B0008E0B1 /* CoreGraphics.framework */ = {isa = PBXFileReference; lastKnownFileType = wrapper.framework; name = CoreGraphics.framework; path = System/Library/Frameworks/CoreGraphics.framework; sourceTree = SDKROOT; };
		7E31712B194B09170008E0B1 /* Foundation.framework */ = {isa = PBXFileReference; lastKnownFileType = wrapper.framework; name = Foundation.framework; path = System/Library/Frameworks/Foundation.framework; sourceTree = SDKROOT; };
		7E31712D194B09220008E0B1 /* UIKit.framework */ = {isa = PBXFileReference; lastKnownFileType = wrapper.framework; name = UIKit.framework; path = System/Library/Frameworks/UIKit.framework; sourceTree = SDKROOT; };
		7E317130194B1B740008E0B1 /* bridge.h */ = {isa = PBXFileReference; lastKnownFileType = sourcecode.c.h; path = bridge.h; sourceTree = "<group>"; };
		7E317131194B1CCC0008E0B1 /* CFNetwork.framework */ = {isa = PBXFileReference; lastKnownFileType = wrapper.framework; name = CFNetwork.framework; path = System/Library/Frameworks/CFNetwork.framework; sourceTree = SDKROOT; };
		7E3174C6194BCF370008E0B1 /* Security.framework */ = {isa = PBXFileReference; lastKnownFileType = wrapper.framework; name = Security.framework; path = System/Library/Frameworks/Security.framework; sourceTree = SDKROOT; };
		7E3174C8194BCF410008E0B1 /* SystemConfiguration.framework */ = {isa = PBXFileReference; lastKnownFileType = wrapper.framework; name = SystemConfiguration.framework; path = System/Library/Frameworks/SystemConfiguration.framework; sourceTree = SDKROOT; };
		7E3174CA194BCF470008E0B1 /* QuartzCore.framework */ = {isa = PBXFileReference; lastKnownFileType = wrapper.framework; name = QuartzCore.framework; path = System/Library/Frameworks/QuartzCore.framework; sourceTree = SDKROOT; };
		7E3174CC194BCF520008E0B1 /* libc++.dylib */ = {isa = PBXFileReference; lastKnownFileType = "compiled.mach-o.dylib"; name = "libc++.dylib"; path = "usr/lib/libc++.dylib"; sourceTree = SDKROOT; };
		7E3174CE194BCF580008E0B1 /* libz.dylib */ = {isa = PBXFileReference; lastKnownFileType = "compiled.mach-o.dylib"; name = libz.dylib; path = usr/lib/libz.dylib; sourceTree = SDKROOT; };
		7ECD3903195876FA00ABCD74 /* AVFoundation.framework */ = {isa = PBXFileReference; lastKnownFileType = wrapper.framework; name = AVFoundation.framework; path = System/Library/Frameworks/AVFoundation.framework; sourceTree = SDKROOT; };
		7EDACF221958500100BE7BDF /* DropboxSDK.framework */ = {isa = PBXFileReference; lastKnownFileType = wrapper.framework; path = DropboxSDK.framework; sourceTree = "<group>"; };
		7EFE5B8E195AE869003B801F /* CoreImage.framework */ = {isa = PBXFileReference; lastKnownFileType = wrapper.framework; name = CoreImage.framework; path = System/Library/Frameworks/CoreImage.framework; sourceTree = SDKROOT; };
		7EFE5B90195AE877003B801F /* AssetsLibrary.framework */ = {isa = PBXFileReference; lastKnownFileType = wrapper.framework; name = AssetsLibrary.framework; path = System/Library/Frameworks/AssetsLibrary.framework; sourceTree = SDKROOT; };
		7EFE5B92195AE882003B801F /* CoreMedia.framework */ = {isa = PBXFileReference; lastKnownFileType = wrapper.framework; name = CoreMedia.framework; path = System/Library/Frameworks/CoreMedia.framework; sourceTree = SDKROOT; };
		7EFE5B94195AE88B003B801F /* ImageIO.framework */ = {isa = PBXFileReference; lastKnownFileType = wrapper.framework; name = ImageIO.framework; path = System/Library/Frameworks/ImageIO.framework; sourceTree = SDKROOT; };
		7EFE5B96195AE895003B801F /* CoreVideo.framework */ = {isa = PBXFileReference; lastKnownFileType = wrapper.framework; name = CoreVideo.framework; path = System/Library/Frameworks/CoreVideo.framework; sourceTree = SDKROOT; };
		7EFE5B99195AEE70003B801F /* MainStoryboard.storyboard */ = {isa = PBXFileReference; fileEncoding = 4; lastKnownFileType = file.storyboard; path = MainStoryboard.storyboard; sourceTree = SOURCE_ROOT; };
/* End PBXFileReference section */

/* Begin PBXFrameworksBuildPhase section */
		7E317101194B06CF0008E0B1 /* Frameworks */ = {
			isa = PBXFrameworksBuildPhase;
			buildActionMask = 2147483647;
			files = (
				7EFE5B97195AE895003B801F /* CoreVideo.framework in Frameworks */,
				7EFE5B95195AE88B003B801F /* ImageIO.framework in Frameworks */,
				7EFE5B93195AE882003B801F /* CoreMedia.framework in Frameworks */,
				7EFE5B91195AE877003B801F /* AssetsLibrary.framework in Frameworks */,
				7EFE5B8F195AE869003B801F /* CoreImage.framework in Frameworks */,
				7ECD3904195876FA00ABCD74 /* AVFoundation.framework in Frameworks */,
				7E3174CF194BCF580008E0B1 /* libz.dylib in Frameworks */,
				7E3174CD194BCF520008E0B1 /* libc++.dylib in Frameworks */,
				7E3174CB194BCF470008E0B1 /* QuartzCore.framework in Frameworks */,
				7E3174C9194BCF410008E0B1 /* SystemConfiguration.framework in Frameworks */,
				7E3174C7194BCF370008E0B1 /* Security.framework in Frameworks */,
				7E31712E194B09220008E0B1 /* UIKit.framework in Frameworks */,
				7E31712C194B09170008E0B1 /* Foundation.framework in Frameworks */,
				7E317132194B1CCC0008E0B1 /* CFNetwork.framework in Frameworks */,
				7EDACF231958500100BE7BDF /* DropboxSDK.framework in Frameworks */,
				7E31712A194B090B0008E0B1 /* CoreGraphics.framework in Frameworks */,
			);
			runOnlyForDeploymentPostprocessing = 0;
		};
		7E317116194B06CF0008E0B1 /* Frameworks */ = {
			isa = PBXFrameworksBuildPhase;
			buildActionMask = 2147483647;
			files = (
			);
			runOnlyForDeploymentPostprocessing = 0;
		};
/* End PBXFrameworksBuildPhase section */

/* Begin PBXGroup section */
		7E3170FB194B06CF0008E0B1 = {
			isa = PBXGroup;
			children = (
				7E31712F194B092A0008E0B1 /* Frameworks */,
				7E317106194B06CF0008E0B1 /* quickReceipt */,
				7E31711C194B06CF0008E0B1 /* quickReceiptTests */,
				7E317105194B06CF0008E0B1 /* Products */,
			);
			sourceTree = "<group>";
		};
		7E317105194B06CF0008E0B1 /* Products */ = {
			isa = PBXGroup;
			children = (
				7E317104194B06CF0008E0B1 /* quickReceipt.app */,
				7E317119194B06CF0008E0B1 /* quickReceiptTests.xctest */,
			);
			name = Products;
			sourceTree = "<group>";
		};
		7E317106194B06CF0008E0B1 /* quickReceipt */ = {
			isa = PBXGroup;
			children = (
				7EFE5B99195AEE70003B801F /* MainStoryboard.storyboard */,
				7E317109194B06CF0008E0B1 /* AppDelegate.swift */,
				7E31710E194B06CF0008E0B1 /* ViewController.swift */,
				7E317113194B06CF0008E0B1 /* Images.xcassets */,
				7E31710B194B06CF0008E0B1 /* quickReceipt.xcdatamodeld */,
				7E317107194B06CF0008E0B1 /* Supporting Files */,
				7E317130194B1B740008E0B1 /* bridge.h */,
			);
			path = quickReceipt;
			sourceTree = "<group>";
		};
		7E317107194B06CF0008E0B1 /* Supporting Files */ = {
			isa = PBXGroup;
			children = (
				7E317108194B06CF0008E0B1 /* Info.plist */,
			);
			name = "Supporting Files";
			sourceTree = "<group>";
		};
		7E31711C194B06CF0008E0B1 /* quickReceiptTests */ = {
			isa = PBXGroup;
			children = (
				7E31711F194B06CF0008E0B1 /* quickReceiptTests.swift */,
				7E31711D194B06CF0008E0B1 /* Supporting Files */,
			);
			path = quickReceiptTests;
			sourceTree = "<group>";
		};
		7E31711D194B06CF0008E0B1 /* Supporting Files */ = {
			isa = PBXGroup;
			children = (
				7E31711E194B06CF0008E0B1 /* Info.plist */,
			);
			name = "Supporting Files";
			sourceTree = "<group>";
		};
		7E31712F194B092A0008E0B1 /* Frameworks */ = {
			isa = PBXGroup;
			children = (
				7EFE5B96195AE895003B801F /* CoreVideo.framework */,
				7EFE5B94195AE88B003B801F /* ImageIO.framework */,
				7EFE5B92195AE882003B801F /* CoreMedia.framework */,
				7EFE5B90195AE877003B801F /* AssetsLibrary.framework */,
				7EFE5B8E195AE869003B801F /* CoreImage.framework */,
				7ECD3903195876FA00ABCD74 /* AVFoundation.framework */,
				7EDACF221958500100BE7BDF /* DropboxSDK.framework */,
				7E3174CE194BCF580008E0B1 /* libz.dylib */,
				7E3174CC194BCF520008E0B1 /* libc++.dylib */,
				7E3174CA194BCF470008E0B1 /* QuartzCore.framework */,
				7E3174C8194BCF410008E0B1 /* SystemConfiguration.framework */,
				7E3174C6194BCF370008E0B1 /* Security.framework */,
				7E317131194B1CCC0008E0B1 /* CFNetwork.framework */,
				7E31712D194B09220008E0B1 /* UIKit.framework */,
				7E31712B194B09170008E0B1 /* Foundation.framework */,
				7E317129194B090B0008E0B1 /* CoreGraphics.framework */,
			);
			name = Frameworks;
			sourceTree = "<group>";
		};
/* End PBXGroup section */

/* Begin PBXNativeTarget section */
		7E317103194B06CF0008E0B1 /* quickReceipt */ = {
			isa = PBXNativeTarget;
			buildConfigurationList = 7E317123194B06CF0008E0B1 /* Build configuration list for PBXNativeTarget "quickReceipt" */;
			buildPhases = (
				7E317100194B06CF0008E0B1 /* Sources */,
				7E317101194B06CF0008E0B1 /* Frameworks */,
				7E317102194B06CF0008E0B1 /* Resources */,
			);
			buildRules = (
			);
			dependencies = (
			);
			name = quickReceipt;
			productName = quickReceipt;
			productReference = 7E317104194B06CF0008E0B1 /* quickReceipt.app */;
			productType = "com.apple.product-type.application";
		};
		7E317118194B06CF0008E0B1 /* quickReceiptTests */ = {
			isa = PBXNativeTarget;
			buildConfigurationList = 7E317126194B06CF0008E0B1 /* Build configuration list for PBXNativeTarget "quickReceiptTests" */;
			buildPhases = (
				7E317115194B06CF0008E0B1 /* Sources */,
				7E317116194B06CF0008E0B1 /* Frameworks */,
				7E317117194B06CF0008E0B1 /* Resources */,
			);
			buildRules = (
			);
			dependencies = (
				7E31711B194B06CF0008E0B1 /* PBXTargetDependency */,
			);
			name = quickReceiptTests;
			productName = quickReceiptTests;
			productReference = 7E317119194B06CF0008E0B1 /* quickReceiptTests.xctest */;
			productType = "com.apple.product-type.bundle.unit-test";
		};
/* End PBXNativeTarget section */

/* Begin PBXProject section */
		7E3170FC194B06CF0008E0B1 /* Project object */ = {
			isa = PBXProject;
			attributes = {
				LastUpgradeCheck = 0600;
				ORGANIZATIONNAME = subtiel;
				TargetAttributes = {
					7E317103194B06CF0008E0B1 = {
						CreatedOnToolsVersion = 6.0;
					};
					7E317118194B06CF0008E0B1 = {
						CreatedOnToolsVersion = 6.0;
						TestTargetID = 7E317103194B06CF0008E0B1;
					};
				};
			};
			buildConfigurationList = 7E3170FF194B06CF0008E0B1 /* Build configuration list for PBXProject "quickReceipt" */;
			compatibilityVersion = "Xcode 3.2";
			developmentRegion = English;
			hasScannedForEncodings = 0;
			knownRegions = (
				en,
				Base,
			);
			mainGroup = 7E3170FB194B06CF0008E0B1;
			productRefGroup = 7E317105194B06CF0008E0B1 /* Products */;
			projectDirPath = "";
			projectRoot = "";
			targets = (
				7E317103194B06CF0008E0B1 /* quickReceipt */,
				7E317118194B06CF0008E0B1 /* quickReceiptTests */,
			);
		};
/* End PBXProject section */

/* Begin PBXResourcesBuildPhase section */
		7E317102194B06CF0008E0B1 /* Resources */ = {
			isa = PBXResourcesBuildPhase;
			buildActionMask = 2147483647;
			files = (
				7EFE5B9A195AEE70003B801F /* MainStoryboard.storyboard in Resources */,
				7E317114194B06CF0008E0B1 /* Images.xcassets in Resources */,
			);
			runOnlyForDeploymentPostprocessing = 0;
		};
		7E317117194B06CF0008E0B1 /* Resources */ = {
			isa = PBXResourcesBuildPhase;
			buildActionMask = 2147483647;
			files = (
			);
			runOnlyForDeploymentPostprocessing = 0;
		};
/* End PBXResourcesBuildPhase section */

/* Begin PBXSourcesBuildPhase section */
		7E317100194B06CF0008E0B1 /* Sources */ = {
			isa = PBXSourcesBuildPhase;
			buildActionMask = 2147483647;
			files = (
				7E31710F194B06CF0008E0B1 /* ViewController.swift in Sources */,
				7E31710D194B06CF0008E0B1 /* quickReceipt.xcdatamodeld in Sources */,
				7E31710A194B06CF0008E0B1 /* AppDelegate.swift in Sources */,
			);
			runOnlyForDeploymentPostprocessing = 0;
		};
		7E317115194B06CF0008E0B1 /* Sources */ = {
			isa = PBXSourcesBuildPhase;
			buildActionMask = 2147483647;
			files = (
				7E317120194B06CF0008E0B1 /* quickReceiptTests.swift in Sources */,
			);
			runOnlyForDeploymentPostprocessing = 0;
		};
/* End PBXSourcesBuildPhase section */

/* Begin PBXTargetDependency section */
		7E31711B194B06CF0008E0B1 /* PBXTargetDependency */ = {
			isa = PBXTargetDependency;
			target = 7E317103194B06CF0008E0B1 /* quickReceipt */;
			targetProxy = 7E31711A194B06CF0008E0B1 /* PBXContainerItemProxy */;
		};
/* End PBXTargetDependency section */

/* Begin XCBuildConfiguration section */
		7E317121194B06CF0008E0B1 /* Debug */ = {
			isa = XCBuildConfiguration;
			buildSettings = {
				ALWAYS_SEARCH_USER_PATHS = NO;
				CLANG_CXX_LANGUAGE_STANDARD = "gnu++0x";
				CLANG_CXX_LIBRARY = "libc++";
				CLANG_ENABLE_MODULES = YES;
				CLANG_ENABLE_OBJC_ARC = YES;
				CLANG_WARN_BOOL_CONVERSION = YES;
				CLANG_WARN_CONSTANT_CONVERSION = YES;
				CLANG_WARN_DIRECT_OBJC_ISA_USAGE = YES_ERROR;
				CLANG_WARN_EMPTY_BODY = YES;
				CLANG_WARN_ENUM_CONVERSION = YES;
				CLANG_WARN_INT_CONVERSION = YES;
				CLANG_WARN_OBJC_ROOT_CLASS = YES_ERROR;
				CLANG_WARN_UNREACHABLE_CODE = YES;
				CLANG_WARN__DUPLICATE_METHOD_MATCH = YES;
				"CODE_SIGN_IDENTITY[sdk=iphoneos*]" = "iPhone Developer";
				COPY_PHASE_STRIP = NO;
				ENABLE_STRICT_OBJC_MSGSEND = YES;
				GCC_C_LANGUAGE_STANDARD = gnu99;
				GCC_DYNAMIC_NO_PIC = NO;
				GCC_OPTIMIZATION_LEVEL = 0;
				GCC_PREPROCESSOR_DEFINITIONS = (
					"DEBUG=1",
					"$(inherited)",
				);
				GCC_SYMBOLS_PRIVATE_EXTERN = NO;
				GCC_WARN_64_TO_32_BIT_CONVERSION = YES;
				GCC_WARN_ABOUT_RETURN_TYPE = YES_ERROR;
				GCC_WARN_UNDECLARED_SELECTOR = YES;
				GCC_WARN_UNINITIALIZED_AUTOS = YES_AGGRESSIVE;
				GCC_WARN_UNUSED_FUNCTION = YES;
				GCC_WARN_UNUSED_VARIABLE = YES;
				IPHONEOS_DEPLOYMENT_TARGET = 7.1;
				METAL_ENABLE_DEBUG_INFO = YES;
				ONLY_ACTIVE_ARCH = YES;
				SDKROOT = iphoneos;
				SWIFT_OPTIMIZATION_LEVEL = "-Onone";
			};
			name = Debug;
		};
		7E317122194B06CF0008E0B1 /* Release */ = {
			isa = XCBuildConfiguration;
			buildSettings = {
				ALWAYS_SEARCH_USER_PATHS = NO;
				CLANG_CXX_LANGUAGE_STANDARD = "gnu++0x";
				CLANG_CXX_LIBRARY = "libc++";
				CLANG_ENABLE_MODULES = YES;
				CLANG_ENABLE_OBJC_ARC = YES;
				CLANG_WARN_BOOL_CONVERSION = YES;
				CLANG_WARN_CONSTANT_CONVERSION = YES;
				CLANG_WARN_DIRECT_OBJC_ISA_USAGE = YES_ERROR;
				CLANG_WARN_EMPTY_BODY = YES;
				CLANG_WARN_ENUM_CONVERSION = YES;
				CLANG_WARN_INT_CONVERSION = YES;
				CLANG_WARN_OBJC_ROOT_CLASS = YES_ERROR;
				CLANG_WARN_UNREACHABLE_CODE = YES;
				CLANG_WARN__DUPLICATE_METHOD_MATCH = YES;
				"CODE_SIGN_IDENTITY[sdk=iphoneos*]" = "iPhone Developer";
				COPY_PHASE_STRIP = YES;
				ENABLE_NS_ASSERTIONS = NO;
				ENABLE_STRICT_OBJC_MSGSEND = YES;
				GCC_C_LANGUAGE_STANDARD = gnu99;
				GCC_WARN_64_TO_32_BIT_CONVERSION = YES;
				GCC_WARN_ABOUT_RETURN_TYPE = YES_ERROR;
				GCC_WARN_UNDECLARED_SELECTOR = YES;
				GCC_WARN_UNINITIALIZED_AUTOS = YES_AGGRESSIVE;
				GCC_WARN_UNUSED_FUNCTION = YES;
				GCC_WARN_UNUSED_VARIABLE = YES;
				IPHONEOS_DEPLOYMENT_TARGET = 7.1;
				METAL_ENABLE_DEBUG_INFO = NO;
				SDKROOT = iphoneos;
				VALIDATE_PRODUCT = YES;
			};
			name = Release;
		};
		7E317124194B06CF0008E0B1 /* Debug */ = {
			isa = XCBuildConfiguration;
			buildSettings = {
				ASSETCATALOG_COMPILER_APPICON_NAME = AppIcon;
				ASSETCATALOG_COMPILER_LAUNCHIMAGE_NAME = LaunchImage;
				FRAMEWORK_SEARCH_PATHS = (
					"$(inherited)",
					"$(PROJECT_DIR)",
				);
				INFOPLIST_FILE = quickReceipt/Info.plist;
				IPHONEOS_DEPLOYMENT_TARGET = 7.0;
				LD_RUNPATH_SEARCH_PATHS = "$(inherited) @executable_path/Frameworks";
				PRODUCT_NAME = "$(TARGET_NAME)";
				SWIFT_INSTALL_OBJC_HEADER = YES;
				SWIFT_OBJC_BRIDGING_HEADER = quickReceipt/bridge.h;
				TARGETED_DEVICE_FAMILY = 1;
			};
			name = Debug;
		};
		7E317125194B06CF0008E0B1 /* Release */ = {
			isa = XCBuildConfiguration;
			buildSettings = {
				ASSETCATALOG_COMPILER_APPICON_NAME = AppIcon;
				ASSETCATALOG_COMPILER_LAUNCHIMAGE_NAME = LaunchImage;
				FRAMEWORK_SEARCH_PATHS = (
					"$(inherited)",
					"$(PROJECT_DIR)",
				);
				INFOPLIST_FILE = quickReceipt/Info.plist;
				IPHONEOS_DEPLOYMENT_TARGET = 7.0;
				LD_RUNPATH_SEARCH_PATHS = "$(inherited) @executable_path/Frameworks";
				PRODUCT_NAME = "$(TARGET_NAME)";
				SWIFT_INSTALL_OBJC_HEADER = YES;
				SWIFT_OBJC_BRIDGING_HEADER = quickReceipt/bridge.h;
				TARGETED_DEVICE_FAMILY = 1;
			};
			name = Release;
		};
		7E317127194B06CF0008E0B1 /* Debug */ = {
			isa = XCBuildConfiguration;
			buildSettings = {
				BUNDLE_LOADER = "$(BUILT_PRODUCTS_DIR)/quickReceipt.app/quickReceipt";
				FRAMEWORK_SEARCH_PATHS = (
					"$(SDKROOT)/Developer/Library/Frameworks",
					"$(inherited)",
				);
				GCC_PREPROCESSOR_DEFINITIONS = (
					"DEBUG=1",
					"$(inherited)",
				);
				INFOPLIST_FILE = quickReceiptTests/Info.plist;
				LD_RUNPATH_SEARCH_PATHS = "$(inherited) @executable_path/Frameworks @loader_path/Frameworks";
				METAL_ENABLE_DEBUG_INFO = YES;
				PRODUCT_NAME = "$(TARGET_NAME)";
				TEST_HOST = "$(BUNDLE_LOADER)";
			};
			name = Debug;
		};
		7E317128194B06CF0008E0B1 /* Release */ = {
			isa = XCBuildConfiguration;
			buildSettings = {
				BUNDLE_LOADER = "$(BUILT_PRODUCTS_DIR)/quickReceipt.app/quickReceipt";
				FRAMEWORK_SEARCH_PATHS = (
					"$(SDKROOT)/Developer/Library/Frameworks",
					"$(inherited)",
				);
				INFOPLIST_FILE = quickReceiptTests/Info.plist;
				LD_RUNPATH_SEARCH_PATHS = "$(inherited) @executable_path/Frameworks @loader_path/Frameworks";
				METAL_ENABLE_DEBUG_INFO = NO;
				PRODUCT_NAME = "$(TARGET_NAME)";
				TEST_HOST = "$(BUNDLE_LOADER)";
			};
			name = Release;
		};
/* End XCBuildConfiguration section */

/* Begin XCConfigurationList section */
		7E3170FF194B06CF0008E0B1 /* Build configuration list for PBXProject "quickReceipt" */ = {
			isa = XCConfigurationList;
			buildConfigurations = (
				7E317121194B06CF0008E0B1 /* Debug */,
				7E317122194B06CF0008E0B1 /* Release */,
			);
			defaultConfigurationIsVisible = 0;
			defaultConfigurationName = Release;
		};
		7E317123194B06CF0008E0B1 /* Build configuration list for PBXNativeTarget "quickReceipt" */ = {
			isa = XCConfigurationList;
			buildConfigurations = (
				7E317124194B06CF0008E0B1 /* Debug */,
				7E317125194B06CF0008E0B1 /* Release */,
			);
			defaultConfigurationIsVisible = 0;
			defaultConfigurationName = Release;
		};
		7E317126194B06CF0008E0B1 /* Build configuration list for PBXNativeTarget "quickReceiptTests" */ = {
			isa = XCConfigurationList;
			buildConfigurations = (
				7E317127194B06CF0008E0B1 /* Debug */,
				7E317128194B06CF0008E0B1 /* Release */,
			);
			defaultConfigurationIsVisible = 0;
			defaultConfigurationName = Release;
		};
/* End XCConfigurationList section */

/* Begin XCVersionGroup section */
		7E31710B194B06CF0008E0B1 /* quickReceipt.xcdatamodeld */ = {
			isa = XCVersionGroup;
			children = (
				7E31710C194B06CF0008E0B1 /* quickReceipt.xcdatamodel */,
			);
			currentVersion = 7E31710C194B06CF0008E0B1 /* quickReceipt.xcdatamodel */;
			path = quickReceipt.xcdatamodeld;
			sourceTree = "<group>";
			versionGroupType = wrapper.xcdatamodel;
		};
/* End XCVersionGroup section */
	};
	rootObject = 7E3170FC194B06CF0008E0B1 /* Project object */;
}
